// !$*UTF8*$!
{
	archiveVersion = 1;
	classes = {
	};
	objectVersion = 56;
	objects = {

/* Begin PBXBuildFile section */
		684920CE2AB1FD8C00E5202E /* TabBarController.swift in Sources */ = {isa = PBXBuildFile; fileRef = 684920CD2AB1FD8C00E5202E /* TabBarController.swift */; };
		6885F4682AAA3B9F00226D1E /* HomeSection.swift in Sources */ = {isa = PBXBuildFile; fileRef = 6885F4672AAA3B9F00226D1E /* HomeSection.swift */; };
		68CA313C2AAA292900A744AF /* Color.xcassets in Resources */ = {isa = PBXBuildFile; fileRef = 68CA313B2AAA292900A744AF /* Color.xcassets */; };
		68CA31402AAA357100A744AF /* HomeViewController.swift in Sources */ = {isa = PBXBuildFile; fileRef = 68CA313F2AAA357100A744AF /* HomeViewController.swift */; };
		68CA31422AAA357800A744AF /* HomeViewModel.swift in Sources */ = {isa = PBXBuildFile; fileRef = 68CA31412AAA357800A744AF /* HomeViewModel.swift */; };
		95E70C962AA8B93B007BAD7B /* AppDelegate.swift in Sources */ = {isa = PBXBuildFile; fileRef = 95E70C952AA8B93B007BAD7B /* AppDelegate.swift */; };
		95E70C982AA8B93B007BAD7B /* SceneDelegate.swift in Sources */ = {isa = PBXBuildFile; fileRef = 95E70C972AA8B93B007BAD7B /* SceneDelegate.swift */; };
		95E70C9A2AA8B93B007BAD7B /* LoginViewController.swift in Sources */ = {isa = PBXBuildFile; fileRef = 95E70C992AA8B93B007BAD7B /* LoginViewController.swift */; };
		95E70C9D2AA8B93B007BAD7B /* Main.storyboard in Resources */ = {isa = PBXBuildFile; fileRef = 95E70C9B2AA8B93B007BAD7B /* Main.storyboard */; };
		95E70C9F2AA8B93D007BAD7B /* Assets.xcassets in Resources */ = {isa = PBXBuildFile; fileRef = 95E70C9E2AA8B93D007BAD7B /* Assets.xcassets */; };
		95E70CA22AA8B93D007BAD7B /* LaunchScreen.storyboard in Resources */ = {isa = PBXBuildFile; fileRef = 95E70CA02AA8B93D007BAD7B /* LaunchScreen.storyboard */; };
		95E70CAD2AA8B93D007BAD7B /* KTVTests.swift in Sources */ = {isa = PBXBuildFile; fileRef = 95E70CAC2AA8B93D007BAD7B /* KTVTests.swift */; };
		95E70CB72AA8B93D007BAD7B /* KTVUITests.swift in Sources */ = {isa = PBXBuildFile; fileRef = 95E70CB62AA8B93D007BAD7B /* KTVUITests.swift */; };
		95E70CB92AA8B93D007BAD7B /* KTVUITestsLaunchTests.swift in Sources */ = {isa = PBXBuildFile; fileRef = 95E70CB82AA8B93D007BAD7B /* KTVUITestsLaunchTests.swift */; };
		AD20D46D2B073C51000CADFB /* Home.swift in Sources */ = {isa = PBXBuildFile; fileRef = AD20D46C2B073C51000CADFB /* Home.swift */; };
		AD20D47B2B076044000CADFB /* URLDefines.swift in Sources */ = {isa = PBXBuildFile; fileRef = AD20D47A2B076044000CADFB /* URLDefines.swift */; };
		AD20D47E2B0760A1000CADFB /* DataLoader.swift in Sources */ = {isa = PBXBuildFile; fileRef = AD20D47D2B0760A1000CADFB /* DataLoader.swift */; };
		AD20D4802B0760B4000CADFB /* UIImageView+Task.swift in Sources */ = {isa = PBXBuildFile; fileRef = AD20D47F2B0760B4000CADFB /* UIImageView+Task.swift */; };
		AD20D4822B077640000CADFB /* VideoListItem.swift in Sources */ = {isa = PBXBuildFile; fileRef = AD20D4812B077640000CADFB /* VideoListItem.swift */; };
		AD20D4842B07AAE5000CADFB /* HomeRecommendViewModel.swift in Sources */ = {isa = PBXBuildFile; fileRef = AD20D4832B07AAE5000CADFB /* HomeRecommendViewModel.swift */; };
		AD20D49E2B07C34D000CADFB /* HomeVideoCell.swift in Sources */ = {isa = PBXBuildFile; fileRef = AD20D48A2B07C34C000CADFB /* HomeVideoCell.swift */; };
		AD20D49F2B07C34D000CADFB /* HomeRecentWatchItemCell.swift in Sources */ = {isa = PBXBuildFile; fileRef = AD20D48B2B07C34C000CADFB /* HomeRecentWatchItemCell.swift */; };
		AD20D4A02B07C34D000CADFB /* HomeRecommendContainerCell.xib in Resources */ = {isa = PBXBuildFile; fileRef = AD20D48C2B07C34C000CADFB /* HomeRecommendContainerCell.xib */; };
		AD20D4A12B07C34D000CADFB /* HomeHeaderView.xib in Resources */ = {isa = PBXBuildFile; fileRef = AD20D48D2B07C34C000CADFB /* HomeHeaderView.xib */; };
		AD20D4A22B07C34D000CADFB /* HomeRecentWatchContainerCell.xib in Resources */ = {isa = PBXBuildFile; fileRef = AD20D48E2B07C34C000CADFB /* HomeRecentWatchContainerCell.xib */; };
		AD20D4A32B07C34D000CADFB /* HomeRecentWatchContainerCell.swift in Sources */ = {isa = PBXBuildFile; fileRef = AD20D48F2B07C34C000CADFB /* HomeRecentWatchContainerCell.swift */; };
		AD20D4A42B07C34D000CADFB /* HomeRankingItemCell.xib in Resources */ = {isa = PBXBuildFile; fileRef = AD20D4902B07C34C000CADFB /* HomeRankingItemCell.xib */; };
		AD20D4A52B07C34D000CADFB /* HomeRankingContainerCell.xib in Resources */ = {isa = PBXBuildFile; fileRef = AD20D4912B07C34C000CADFB /* HomeRankingContainerCell.xib */; };
		AD20D4A62B07C34D000CADFB /* HomeRankingHeaderView.xib in Resources */ = {isa = PBXBuildFile; fileRef = AD20D4922B07C34C000CADFB /* HomeRankingHeaderView.xib */; };
		AD20D4A72B07C34D000CADFB /* HomeFooterView.swift in Sources */ = {isa = PBXBuildFile; fileRef = AD20D4932B07C34C000CADFB /* HomeFooterView.swift */; };
		AD20D4A82B07C34D000CADFB /* HomeRankingItemCell.swift in Sources */ = {isa = PBXBuildFile; fileRef = AD20D4942B07C34C000CADFB /* HomeRankingItemCell.swift */; };
		AD20D4A92B07C34D000CADFB /* HomeRankingHeaderView.swift in Sources */ = {isa = PBXBuildFile; fileRef = AD20D4952B07C34C000CADFB /* HomeRankingHeaderView.swift */; };
		AD20D4AA2B07C34D000CADFB /* HomeRecentWatchItemCell.xib in Resources */ = {isa = PBXBuildFile; fileRef = AD20D4962B07C34C000CADFB /* HomeRecentWatchItemCell.xib */; };
		AD20D4AB2B07C34D000CADFB /* HomeVideoCell.xib in Resources */ = {isa = PBXBuildFile; fileRef = AD20D4972B07C34C000CADFB /* HomeVideoCell.xib */; };
		AD20D4AC2B07C34D000CADFB /* VideoListItemCell.xib in Resources */ = {isa = PBXBuildFile; fileRef = AD20D4982B07C34C000CADFB /* VideoListItemCell.xib */; };
		AD20D4AD2B07C34D000CADFB /* VideoListItemCell.swift in Sources */ = {isa = PBXBuildFile; fileRef = AD20D4992B07C34C000CADFB /* VideoListItemCell.swift */; };
		AD20D4AE2B07C34D000CADFB /* HomeHeaderView.swift in Sources */ = {isa = PBXBuildFile; fileRef = AD20D49A2B07C34C000CADFB /* HomeHeaderView.swift */; };
		AD20D4AF2B07C34D000CADFB /* HomeRankingContainerCell.swift in Sources */ = {isa = PBXBuildFile; fileRef = AD20D49B2B07C34C000CADFB /* HomeRankingContainerCell.swift */; };
		AD20D4B02B07C34D000CADFB /* HomeRecommendContainerCell.swift in Sources */ = {isa = PBXBuildFile; fileRef = AD20D49C2B07C34C000CADFB /* HomeRecommendContainerCell.swift */; };
		AD20D4B12B07C34D000CADFB /* HomeFooterView.xib in Resources */ = {isa = PBXBuildFile; fileRef = AD20D49D2B07C34C000CADFB /* HomeFooterView.xib */; };
		AD238F092B0F8B7800F2C48B /* SeekbarView.swift in Sources */ = {isa = PBXBuildFile; fileRef = AD238F082B0F8B7800F2C48B /* SeekbarView.swift */; };
		AD238F0C2B0F946400F2C48B /* DateComponentsFormatterExtension.swift in Sources */ = {isa = PBXBuildFile; fileRef = AD238F0B2B0F946400F2C48B /* DateComponentsFormatterExtension.swift */; };
		ADC3B8B22B08A09F0076B8D3 /* live.json in Resources */ = {isa = PBXBuildFile; fileRef = ADC3B8AD2B08A09F0076B8D3 /* live.json */; };
		ADC3B8B32B08A09F0076B8D3 /* video.json in Resources */ = {isa = PBXBuildFile; fileRef = ADC3B8AE2B08A09F0076B8D3 /* video.json */; };
		ADC3B8B42B08A09F0076B8D3 /* favorite.json in Resources */ = {isa = PBXBuildFile; fileRef = ADC3B8AF2B08A09F0076B8D3 /* favorite.json */; };
		ADC3B8B52B08A09F0076B8D3 /* home.json in Resources */ = {isa = PBXBuildFile; fileRef = ADC3B8B02B08A09F0076B8D3 /* home.json */; };
		ADC3B8B62B08A09F0076B8D3 /* bookmark.json in Resources */ = {isa = PBXBuildFile; fileRef = ADC3B8B12B08A09F0076B8D3 /* bookmark.json */; };
		ADC3B8BB2B08CF9E0076B8D3 /* MyViewController.swift in Sources */ = {isa = PBXBuildFile; fileRef = ADC3B8BA2B08CF9E0076B8D3 /* MyViewController.swift */; };
		ADC3B8BD2B08D2520076B8D3 /* BookmarkViewController.swift in Sources */ = {isa = PBXBuildFile; fileRef = ADC3B8BC2B08D2520076B8D3 /* BookmarkViewController.swift */; };
		ADC3B8BF2B08D4450076B8D3 /* BookmarkViewModel.swift in Sources */ = {isa = PBXBuildFile; fileRef = ADC3B8BE2B08D4450076B8D3 /* BookmarkViewModel.swift */; };
		ADC3B8C22B08D4FB0076B8D3 /* BookmarkCell.swift in Sources */ = {isa = PBXBuildFile; fileRef = ADC3B8C02B08D4FB0076B8D3 /* BookmarkCell.swift */; };
		ADC3B8C32B08D4FB0076B8D3 /* BookmarkCell.xib in Resources */ = {isa = PBXBuildFile; fileRef = ADC3B8C12B08D4FB0076B8D3 /* BookmarkCell.xib */; };
		ADC3B8C52B08D7310076B8D3 /* Bookmark.swift in Sources */ = {isa = PBXBuildFile; fileRef = ADC3B8C42B08D7310076B8D3 /* Bookmark.swift */; };
		ADC3B8C72B08D7440076B8D3 /* Favorite.swift in Sources */ = {isa = PBXBuildFile; fileRef = ADC3B8C62B08D7440076B8D3 /* Favorite.swift */; };
		ADC3B8C92B08DA4C0076B8D3 /* FavoriteViewController.swift in Sources */ = {isa = PBXBuildFile; fileRef = ADC3B8C82B08DA4C0076B8D3 /* FavoriteViewController.swift */; };
		ADC3B8CB2B08DA740076B8D3 /* FavoriteViewModel.swift in Sources */ = {isa = PBXBuildFile; fileRef = ADC3B8CA2B08DA740076B8D3 /* FavoriteViewModel.swift */; };
		ADC3B8CD2B08DBBB0076B8D3 /* NavigationController.swift in Sources */ = {isa = PBXBuildFile; fileRef = ADC3B8CC2B08DBBB0076B8D3 /* NavigationController.swift */; };
		ADCA85592B0A059A0093A410 /* VideoViewController.swift in Sources */ = {isa = PBXBuildFile; fileRef = ADCA85572B0A059A0093A410 /* VideoViewController.swift */; };
		ADCA855A2B0A059A0093A410 /* VideoViewController.xib in Resources */ = {isa = PBXBuildFile; fileRef = ADCA85582B0A059A0093A410 /* VideoViewController.xib */; };
		ADCA855E2B0A26CC0093A410 /* MoreViewController.swift in Sources */ = {isa = PBXBuildFile; fileRef = ADCA855C2B0A26CC0093A410 /* MoreViewController.swift */; };
		ADCA855F2B0A26CC0093A410 /* MoreViewController.xib in Resources */ = {isa = PBXBuildFile; fileRef = ADCA855D2B0A26CC0093A410 /* MoreViewController.xib */; };
		ADCA914A2B0A472A007CB49F /* MoreViewModel.swift in Sources */ = {isa = PBXBuildFile; fileRef = ADCA91492B0A472A007CB49F /* MoreViewModel.swift */; };
		ADCA914C2B0A4869007CB49F /* MoreTableViewCell.xib in Resources */ = {isa = PBXBuildFile; fileRef = ADCA914B2B0A4869007CB49F /* MoreTableViewCell.xib */; };
		ADCA914E2B0A4896007CB49F /* MoreTableViewCell.swift in Sources */ = {isa = PBXBuildFile; fileRef = ADCA914D2B0A4896007CB49F /* MoreTableViewCell.swift */; };
		ADCA91522B0A4D61007CB49F /* Video.swift in Sources */ = {isa = PBXBuildFile; fileRef = ADCA91512B0A4D61007CB49F /* Video.swift */; };
		ADCA91542B0A4DA5007CB49F /* VideoViewModel.swift in Sources */ = {isa = PBXBuildFile; fileRef = ADCA91532B0A4DA5007CB49F /* VideoViewModel.swift */; };
		ADE660702B0E030C005083B5 /* PlayerView.swift in Sources */ = {isa = PBXBuildFile; fileRef = ADE6606F2B0E030C005083B5 /* PlayerView.swift */; };
/* End PBXBuildFile section */

/* Begin PBXContainerItemProxy section */
		95E70CA92AA8B93D007BAD7B /* PBXContainerItemProxy */ = {
			isa = PBXContainerItemProxy;
			containerPortal = 95E70C8A2AA8B93B007BAD7B /* Project object */;
			proxyType = 1;
			remoteGlobalIDString = 95E70C912AA8B93B007BAD7B;
			remoteInfo = KTV;
		};
		95E70CB32AA8B93D007BAD7B /* PBXContainerItemProxy */ = {
			isa = PBXContainerItemProxy;
			containerPortal = 95E70C8A2AA8B93B007BAD7B /* Project object */;
			proxyType = 1;
			remoteGlobalIDString = 95E70C912AA8B93B007BAD7B;
			remoteInfo = KTV;
		};
/* End PBXContainerItemProxy section */

/* Begin PBXFileReference section */
		684920CD2AB1FD8C00E5202E /* TabBarController.swift */ = {isa = PBXFileReference; lastKnownFileType = sourcecode.swift; name = TabBarController.swift; path = KTV/TabBarController.swift; sourceTree = SOURCE_ROOT; };
		6885F4672AAA3B9F00226D1E /* HomeSection.swift */ = {isa = PBXFileReference; lastKnownFileType = sourcecode.swift; path = HomeSection.swift; sourceTree = "<group>"; };
		68CA313B2AAA292900A744AF /* Color.xcassets */ = {isa = PBXFileReference; lastKnownFileType = folder.assetcatalog; path = Color.xcassets; sourceTree = "<group>"; };
		68CA313F2AAA357100A744AF /* HomeViewController.swift */ = {isa = PBXFileReference; lastKnownFileType = sourcecode.swift; path = HomeViewController.swift; sourceTree = "<group>"; };
		68CA31412AAA357800A744AF /* HomeViewModel.swift */ = {isa = PBXFileReference; lastKnownFileType = sourcecode.swift; path = HomeViewModel.swift; sourceTree = "<group>"; };
		95E70C922AA8B93B007BAD7B /* KTV.app */ = {isa = PBXFileReference; explicitFileType = wrapper.application; includeInIndex = 0; path = KTV.app; sourceTree = BUILT_PRODUCTS_DIR; };
		95E70C952AA8B93B007BAD7B /* AppDelegate.swift */ = {isa = PBXFileReference; lastKnownFileType = sourcecode.swift; path = AppDelegate.swift; sourceTree = "<group>"; };
		95E70C972AA8B93B007BAD7B /* SceneDelegate.swift */ = {isa = PBXFileReference; lastKnownFileType = sourcecode.swift; path = SceneDelegate.swift; sourceTree = "<group>"; };
		95E70C992AA8B93B007BAD7B /* LoginViewController.swift */ = {isa = PBXFileReference; lastKnownFileType = sourcecode.swift; path = LoginViewController.swift; sourceTree = "<group>"; };
		95E70C9C2AA8B93B007BAD7B /* Base */ = {isa = PBXFileReference; lastKnownFileType = file.storyboard; name = Base; path = Base.lproj/Main.storyboard; sourceTree = "<group>"; };
		95E70C9E2AA8B93D007BAD7B /* Assets.xcassets */ = {isa = PBXFileReference; lastKnownFileType = folder.assetcatalog; path = Assets.xcassets; sourceTree = "<group>"; };
		95E70CA12AA8B93D007BAD7B /* Base */ = {isa = PBXFileReference; lastKnownFileType = file.storyboard; name = Base; path = Base.lproj/LaunchScreen.storyboard; sourceTree = "<group>"; };
		95E70CA32AA8B93D007BAD7B /* Info.plist */ = {isa = PBXFileReference; lastKnownFileType = text.plist.xml; path = Info.plist; sourceTree = "<group>"; };
		95E70CA82AA8B93D007BAD7B /* KTVTests.xctest */ = {isa = PBXFileReference; explicitFileType = wrapper.cfbundle; includeInIndex = 0; path = KTVTests.xctest; sourceTree = BUILT_PRODUCTS_DIR; };
		95E70CAC2AA8B93D007BAD7B /* KTVTests.swift */ = {isa = PBXFileReference; lastKnownFileType = sourcecode.swift; path = KTVTests.swift; sourceTree = "<group>"; };
		95E70CB22AA8B93D007BAD7B /* KTVUITests.xctest */ = {isa = PBXFileReference; explicitFileType = wrapper.cfbundle; includeInIndex = 0; path = KTVUITests.xctest; sourceTree = BUILT_PRODUCTS_DIR; };
		95E70CB62AA8B93D007BAD7B /* KTVUITests.swift */ = {isa = PBXFileReference; lastKnownFileType = sourcecode.swift; path = KTVUITests.swift; sourceTree = "<group>"; };
		95E70CB82AA8B93D007BAD7B /* KTVUITestsLaunchTests.swift */ = {isa = PBXFileReference; lastKnownFileType = sourcecode.swift; path = KTVUITestsLaunchTests.swift; sourceTree = "<group>"; };
		AD20D46C2B073C51000CADFB /* Home.swift */ = {isa = PBXFileReference; lastKnownFileType = sourcecode.swift; path = Home.swift; sourceTree = "<group>"; };
		AD20D47A2B076044000CADFB /* URLDefines.swift */ = {isa = PBXFileReference; lastKnownFileType = sourcecode.swift; path = URLDefines.swift; sourceTree = "<group>"; };
		AD20D47D2B0760A1000CADFB /* DataLoader.swift */ = {isa = PBXFileReference; lastKnownFileType = sourcecode.swift; path = DataLoader.swift; sourceTree = "<group>"; };
		AD20D47F2B0760B4000CADFB /* UIImageView+Task.swift */ = {isa = PBXFileReference; lastKnownFileType = sourcecode.swift; path = "UIImageView+Task.swift"; sourceTree = "<group>"; };
		AD20D4812B077640000CADFB /* VideoListItem.swift */ = {isa = PBXFileReference; lastKnownFileType = sourcecode.swift; path = VideoListItem.swift; sourceTree = "<group>"; };
		AD20D4832B07AAE5000CADFB /* HomeRecommendViewModel.swift */ = {isa = PBXFileReference; lastKnownFileType = sourcecode.swift; path = HomeRecommendViewModel.swift; sourceTree = "<group>"; };
		AD20D48A2B07C34C000CADFB /* HomeVideoCell.swift */ = {isa = PBXFileReference; fileEncoding = 4; lastKnownFileType = sourcecode.swift; path = HomeVideoCell.swift; sourceTree = "<group>"; };
		AD20D48B2B07C34C000CADFB /* HomeRecentWatchItemCell.swift */ = {isa = PBXFileReference; fileEncoding = 4; lastKnownFileType = sourcecode.swift; path = HomeRecentWatchItemCell.swift; sourceTree = "<group>"; };
		AD20D48C2B07C34C000CADFB /* HomeRecommendContainerCell.xib */ = {isa = PBXFileReference; fileEncoding = 4; lastKnownFileType = file.xib; path = HomeRecommendContainerCell.xib; sourceTree = "<group>"; };
		AD20D48D2B07C34C000CADFB /* HomeHeaderView.xib */ = {isa = PBXFileReference; fileEncoding = 4; lastKnownFileType = file.xib; path = HomeHeaderView.xib; sourceTree = "<group>"; };
		AD20D48E2B07C34C000CADFB /* HomeRecentWatchContainerCell.xib */ = {isa = PBXFileReference; fileEncoding = 4; lastKnownFileType = file.xib; path = HomeRecentWatchContainerCell.xib; sourceTree = "<group>"; };
		AD20D48F2B07C34C000CADFB /* HomeRecentWatchContainerCell.swift */ = {isa = PBXFileReference; fileEncoding = 4; lastKnownFileType = sourcecode.swift; path = HomeRecentWatchContainerCell.swift; sourceTree = "<group>"; };
		AD20D4902B07C34C000CADFB /* HomeRankingItemCell.xib */ = {isa = PBXFileReference; fileEncoding = 4; lastKnownFileType = file.xib; path = HomeRankingItemCell.xib; sourceTree = "<group>"; };
		AD20D4912B07C34C000CADFB /* HomeRankingContainerCell.xib */ = {isa = PBXFileReference; fileEncoding = 4; lastKnownFileType = file.xib; path = HomeRankingContainerCell.xib; sourceTree = "<group>"; };
		AD20D4922B07C34C000CADFB /* HomeRankingHeaderView.xib */ = {isa = PBXFileReference; fileEncoding = 4; lastKnownFileType = file.xib; path = HomeRankingHeaderView.xib; sourceTree = "<group>"; };
		AD20D4932B07C34C000CADFB /* HomeFooterView.swift */ = {isa = PBXFileReference; fileEncoding = 4; lastKnownFileType = sourcecode.swift; path = HomeFooterView.swift; sourceTree = "<group>"; };
		AD20D4942B07C34C000CADFB /* HomeRankingItemCell.swift */ = {isa = PBXFileReference; fileEncoding = 4; lastKnownFileType = sourcecode.swift; path = HomeRankingItemCell.swift; sourceTree = "<group>"; };
		AD20D4952B07C34C000CADFB /* HomeRankingHeaderView.swift */ = {isa = PBXFileReference; fileEncoding = 4; lastKnownFileType = sourcecode.swift; path = HomeRankingHeaderView.swift; sourceTree = "<group>"; };
		AD20D4962B07C34C000CADFB /* HomeRecentWatchItemCell.xib */ = {isa = PBXFileReference; fileEncoding = 4; lastKnownFileType = file.xib; path = HomeRecentWatchItemCell.xib; sourceTree = "<group>"; };
		AD20D4972B07C34C000CADFB /* HomeVideoCell.xib */ = {isa = PBXFileReference; fileEncoding = 4; lastKnownFileType = file.xib; path = HomeVideoCell.xib; sourceTree = "<group>"; };
		AD20D4982B07C34C000CADFB /* VideoListItemCell.xib */ = {isa = PBXFileReference; fileEncoding = 4; lastKnownFileType = file.xib; path = VideoListItemCell.xib; sourceTree = "<group>"; };
		AD20D4992B07C34C000CADFB /* VideoListItemCell.swift */ = {isa = PBXFileReference; fileEncoding = 4; lastKnownFileType = sourcecode.swift; path = VideoListItemCell.swift; sourceTree = "<group>"; };
		AD20D49A2B07C34C000CADFB /* HomeHeaderView.swift */ = {isa = PBXFileReference; fileEncoding = 4; lastKnownFileType = sourcecode.swift; path = HomeHeaderView.swift; sourceTree = "<group>"; };
		AD20D49B2B07C34C000CADFB /* HomeRankingContainerCell.swift */ = {isa = PBXFileReference; fileEncoding = 4; lastKnownFileType = sourcecode.swift; path = HomeRankingContainerCell.swift; sourceTree = "<group>"; };
		AD20D49C2B07C34C000CADFB /* HomeRecommendContainerCell.swift */ = {isa = PBXFileReference; fileEncoding = 4; lastKnownFileType = sourcecode.swift; path = HomeRecommendContainerCell.swift; sourceTree = "<group>"; };
		AD20D49D2B07C34C000CADFB /* HomeFooterView.xib */ = {isa = PBXFileReference; fileEncoding = 4; lastKnownFileType = file.xib; path = HomeFooterView.xib; sourceTree = "<group>"; };
		AD238F082B0F8B7800F2C48B /* SeekbarView.swift */ = {isa = PBXFileReference; lastKnownFileType = sourcecode.swift; path = SeekbarView.swift; sourceTree = "<group>"; };
		AD238F0B2B0F946400F2C48B /* DateComponentsFormatterExtension.swift */ = {isa = PBXFileReference; lastKnownFileType = sourcecode.swift; path = DateComponentsFormatterExtension.swift; sourceTree = "<group>"; };
		ADC3B8AD2B08A09F0076B8D3 /* live.json */ = {isa = PBXFileReference; fileEncoding = 4; lastKnownFileType = text.json; path = live.json; sourceTree = "<group>"; };
		ADC3B8AE2B08A09F0076B8D3 /* video.json */ = {isa = PBXFileReference; fileEncoding = 4; lastKnownFileType = text.json; path = video.json; sourceTree = "<group>"; };
		ADC3B8AF2B08A09F0076B8D3 /* favorite.json */ = {isa = PBXFileReference; fileEncoding = 4; lastKnownFileType = text.json; path = favorite.json; sourceTree = "<group>"; };
		ADC3B8B02B08A09F0076B8D3 /* home.json */ = {isa = PBXFileReference; fileEncoding = 4; lastKnownFileType = text.json; path = home.json; sourceTree = "<group>"; };
		ADC3B8B12B08A09F0076B8D3 /* bookmark.json */ = {isa = PBXFileReference; fileEncoding = 4; lastKnownFileType = text.json; path = bookmark.json; sourceTree = "<group>"; };
		ADC3B8BA2B08CF9E0076B8D3 /* MyViewController.swift */ = {isa = PBXFileReference; lastKnownFileType = sourcecode.swift; path = MyViewController.swift; sourceTree = "<group>"; };
		ADC3B8BC2B08D2520076B8D3 /* BookmarkViewController.swift */ = {isa = PBXFileReference; lastKnownFileType = sourcecode.swift; path = BookmarkViewController.swift; sourceTree = "<group>"; };
		ADC3B8BE2B08D4450076B8D3 /* BookmarkViewModel.swift */ = {isa = PBXFileReference; lastKnownFileType = sourcecode.swift; path = BookmarkViewModel.swift; sourceTree = "<group>"; };
		ADC3B8C02B08D4FB0076B8D3 /* BookmarkCell.swift */ = {isa = PBXFileReference; lastKnownFileType = sourcecode.swift; path = BookmarkCell.swift; sourceTree = "<group>"; };
		ADC3B8C12B08D4FB0076B8D3 /* BookmarkCell.xib */ = {isa = PBXFileReference; lastKnownFileType = file.xib; path = BookmarkCell.xib; sourceTree = "<group>"; };
		ADC3B8C42B08D7310076B8D3 /* Bookmark.swift */ = {isa = PBXFileReference; lastKnownFileType = sourcecode.swift; path = Bookmark.swift; sourceTree = "<group>"; };
		ADC3B8C62B08D7440076B8D3 /* Favorite.swift */ = {isa = PBXFileReference; lastKnownFileType = sourcecode.swift; path = Favorite.swift; sourceTree = "<group>"; };
		ADC3B8C82B08DA4C0076B8D3 /* FavoriteViewController.swift */ = {isa = PBXFileReference; lastKnownFileType = sourcecode.swift; path = FavoriteViewController.swift; sourceTree = "<group>"; };
		ADC3B8CA2B08DA740076B8D3 /* FavoriteViewModel.swift */ = {isa = PBXFileReference; lastKnownFileType = sourcecode.swift; path = FavoriteViewModel.swift; sourceTree = "<group>"; };
		ADC3B8CC2B08DBBB0076B8D3 /* NavigationController.swift */ = {isa = PBXFileReference; lastKnownFileType = sourcecode.swift; path = NavigationController.swift; sourceTree = "<group>"; };
		ADCA85572B0A059A0093A410 /* VideoViewController.swift */ = {isa = PBXFileReference; lastKnownFileType = sourcecode.swift; path = VideoViewController.swift; sourceTree = "<group>"; };
		ADCA85582B0A059A0093A410 /* VideoViewController.xib */ = {isa = PBXFileReference; lastKnownFileType = file.xib; path = VideoViewController.xib; sourceTree = "<group>"; };
		ADCA855C2B0A26CC0093A410 /* MoreViewController.swift */ = {isa = PBXFileReference; lastKnownFileType = sourcecode.swift; path = MoreViewController.swift; sourceTree = "<group>"; };
		ADCA855D2B0A26CC0093A410 /* MoreViewController.xib */ = {isa = PBXFileReference; lastKnownFileType = file.xib; path = MoreViewController.xib; sourceTree = "<group>"; };
		ADCA91492B0A472A007CB49F /* MoreViewModel.swift */ = {isa = PBXFileReference; lastKnownFileType = sourcecode.swift; path = MoreViewModel.swift; sourceTree = "<group>"; };
		ADCA914B2B0A4869007CB49F /* MoreTableViewCell.xib */ = {isa = PBXFileReference; fileEncoding = 4; lastKnownFileType = file.xib; path = MoreTableViewCell.xib; sourceTree = "<group>"; };
		ADCA914D2B0A4896007CB49F /* MoreTableViewCell.swift */ = {isa = PBXFileReference; fileEncoding = 4; lastKnownFileType = sourcecode.swift; path = MoreTableViewCell.swift; sourceTree = "<group>"; };
		ADCA91512B0A4D61007CB49F /* Video.swift */ = {isa = PBXFileReference; fileEncoding = 4; lastKnownFileType = sourcecode.swift; path = Video.swift; sourceTree = "<group>"; };
		ADCA91532B0A4DA5007CB49F /* VideoViewModel.swift */ = {isa = PBXFileReference; fileEncoding = 4; lastKnownFileType = sourcecode.swift; path = VideoViewModel.swift; sourceTree = "<group>"; };
		ADE6606F2B0E030C005083B5 /* PlayerView.swift */ = {isa = PBXFileReference; lastKnownFileType = sourcecode.swift; path = PlayerView.swift; sourceTree = "<group>"; };
/* End PBXFileReference section */

/* Begin PBXFrameworksBuildPhase section */
		95E70C8F2AA8B93B007BAD7B /* Frameworks */ = {
			isa = PBXFrameworksBuildPhase;
			buildActionMask = 2147483647;
			files = (
			);
			runOnlyForDeploymentPostprocessing = 0;
		};
		95E70CA52AA8B93D007BAD7B /* Frameworks */ = {
			isa = PBXFrameworksBuildPhase;
			buildActionMask = 2147483647;
			files = (
			);
			runOnlyForDeploymentPostprocessing = 0;
		};
		95E70CAF2AA8B93D007BAD7B /* Frameworks */ = {
			isa = PBXFrameworksBuildPhase;
			buildActionMask = 2147483647;
			files = (
			);
			runOnlyForDeploymentPostprocessing = 0;
		};
/* End PBXFrameworksBuildPhase section */

/* Begin PBXGroup section */
		68CA313D2AAA2D9900A744AF /* Login */ = {
			isa = PBXGroup;
			children = (
				95E70C992AA8B93B007BAD7B /* LoginViewController.swift */,
			);
			path = Login;
			sourceTree = "<group>";
		};
		68CA313E2AAA355B00A744AF /* Home */ = {
			isa = PBXGroup;
			children = (
				AD20D4892B07C34C000CADFB /* Cell */,
				68CA313F2AAA357100A744AF /* HomeViewController.swift */,
				68CA31412AAA357800A744AF /* HomeViewModel.swift */,
				6885F4672AAA3B9F00226D1E /* HomeSection.swift */,
				AD20D4832B07AAE5000CADFB /* HomeRecommendViewModel.swift */,
			);
			path = Home;
			sourceTree = "<group>";
		};
		95E70C892AA8B93B007BAD7B = {
			isa = PBXGroup;
			children = (
				95E70C942AA8B93B007BAD7B /* KTV */,
				95E70CAB2AA8B93D007BAD7B /* KTVTests */,
				95E70CB52AA8B93D007BAD7B /* KTVUITests */,
				95E70C932AA8B93B007BAD7B /* Products */,
			);
			sourceTree = "<group>";
		};
		95E70C932AA8B93B007BAD7B /* Products */ = {
			isa = PBXGroup;
			children = (
				95E70C922AA8B93B007BAD7B /* KTV.app */,
				95E70CA82AA8B93D007BAD7B /* KTVTests.xctest */,
				95E70CB22AA8B93D007BAD7B /* KTVUITests.xctest */,
			);
			name = Products;
			sourceTree = "<group>";
		};
		95E70C942AA8B93B007BAD7B /* KTV */ = {
			isa = PBXGroup;
			children = (
				AD238F0A2B0F942F00F2C48B /* Extensions */,
				ADCA855B2B0A26B00093A410 /* More */,
				ADCA85562B0A056C0093A410 /* Video */,
				684920CD2AB1FD8C00E5202E /* TabBarController.swift */,
				ADC3B8B72B08CF5D0076B8D3 /* My */,
				ADC3B8AC2B08A09F0076B8D3 /* JSON */,
				AD20D47C2B076088000CADFB /* Util */,
				AD20D4792B07602A000CADFB /* URLDefines */,
				AD20D46B2B073C41000CADFB /* Model */,
				68CA313D2AAA2D9900A744AF /* Login */,
				68CA313E2AAA355B00A744AF /* Home */,
				95E70C952AA8B93B007BAD7B /* AppDelegate.swift */,
				95E70C972AA8B93B007BAD7B /* SceneDelegate.swift */,
				95E70C9B2AA8B93B007BAD7B /* Main.storyboard */,
				95E70C9E2AA8B93D007BAD7B /* Assets.xcassets */,
				68CA313B2AAA292900A744AF /* Color.xcassets */,
				95E70CA02AA8B93D007BAD7B /* LaunchScreen.storyboard */,
				95E70CA32AA8B93D007BAD7B /* Info.plist */,
				ADC3B8CC2B08DBBB0076B8D3 /* NavigationController.swift */,
			);
			path = KTV;
			sourceTree = "<group>";
		};
		95E70CAB2AA8B93D007BAD7B /* KTVTests */ = {
			isa = PBXGroup;
			children = (
				95E70CAC2AA8B93D007BAD7B /* KTVTests.swift */,
			);
			path = KTVTests;
			sourceTree = "<group>";
		};
		95E70CB52AA8B93D007BAD7B /* KTVUITests */ = {
			isa = PBXGroup;
			children = (
				95E70CB62AA8B93D007BAD7B /* KTVUITests.swift */,
				95E70CB82AA8B93D007BAD7B /* KTVUITestsLaunchTests.swift */,
			);
			path = KTVUITests;
			sourceTree = "<group>";
		};
		AD20D46B2B073C41000CADFB /* Model */ = {
			isa = PBXGroup;
			children = (
				ADCA91512B0A4D61007CB49F /* Video.swift */,
				AD20D46C2B073C51000CADFB /* Home.swift */,
				AD20D4812B077640000CADFB /* VideoListItem.swift */,
				ADC3B8C42B08D7310076B8D3 /* Bookmark.swift */,
				ADC3B8C62B08D7440076B8D3 /* Favorite.swift */,
			);
			path = Model;
			sourceTree = "<group>";
		};
		AD20D4792B07602A000CADFB /* URLDefines */ = {
			isa = PBXGroup;
			children = (
				AD20D47A2B076044000CADFB /* URLDefines.swift */,
			);
			path = URLDefines;
			sourceTree = "<group>";
		};
		AD20D47C2B076088000CADFB /* Util */ = {
			isa = PBXGroup;
			children = (
				AD20D47D2B0760A1000CADFB /* DataLoader.swift */,
				AD20D47F2B0760B4000CADFB /* UIImageView+Task.swift */,
			);
			path = Util;
			sourceTree = "<group>";
		};
		AD20D4892B07C34C000CADFB /* Cell */ = {
			isa = PBXGroup;
			children = (
				AD20D49A2B07C34C000CADFB /* HomeHeaderView.swift */,
				AD20D48D2B07C34C000CADFB /* HomeHeaderView.xib */,
				AD20D48A2B07C34C000CADFB /* HomeVideoCell.swift */,
				AD20D4972B07C34C000CADFB /* HomeVideoCell.xib */,
				AD20D4952B07C34C000CADFB /* HomeRankingHeaderView.swift */,
				AD20D4922B07C34C000CADFB /* HomeRankingHeaderView.xib */,
				AD20D49B2B07C34C000CADFB /* HomeRankingContainerCell.swift */,
				AD20D4912B07C34C000CADFB /* HomeRankingContainerCell.xib */,
				AD20D4942B07C34C000CADFB /* HomeRankingItemCell.swift */,
				AD20D4902B07C34C000CADFB /* HomeRankingItemCell.xib */,
				AD20D48F2B07C34C000CADFB /* HomeRecentWatchContainerCell.swift */,
				AD20D48E2B07C34C000CADFB /* HomeRecentWatchContainerCell.xib */,
				AD20D48B2B07C34C000CADFB /* HomeRecentWatchItemCell.swift */,
				AD20D4962B07C34C000CADFB /* HomeRecentWatchItemCell.xib */,
				AD20D49C2B07C34C000CADFB /* HomeRecommendContainerCell.swift */,
				AD20D48C2B07C34C000CADFB /* HomeRecommendContainerCell.xib */,
				AD20D4992B07C34C000CADFB /* VideoListItemCell.swift */,
				AD20D4982B07C34C000CADFB /* VideoListItemCell.xib */,
				AD20D4932B07C34C000CADFB /* HomeFooterView.swift */,
				AD20D49D2B07C34C000CADFB /* HomeFooterView.xib */,
			);
			path = Cell;
			sourceTree = "<group>";
		};
		AD238F0A2B0F942F00F2C48B /* Extensions */ = {
			isa = PBXGroup;
			children = (
				AD238F0B2B0F946400F2C48B /* DateComponentsFormatterExtension.swift */,
			);
			path = Extensions;
			sourceTree = "<group>";
		};
		ADC3B8AC2B08A09F0076B8D3 /* JSON */ = {
			isa = PBXGroup;
			children = (
				ADC3B8AD2B08A09F0076B8D3 /* live.json */,
				ADC3B8AE2B08A09F0076B8D3 /* video.json */,
				ADC3B8AF2B08A09F0076B8D3 /* favorite.json */,
				ADC3B8B02B08A09F0076B8D3 /* home.json */,
				ADC3B8B12B08A09F0076B8D3 /* bookmark.json */,
			);
			path = JSON;
			sourceTree = "<group>";
		};
		ADC3B8B72B08CF5D0076B8D3 /* My */ = {
			isa = PBXGroup;
			children = (
				ADC3B8B92B08CF770076B8D3 /* Bookmark */,
				ADC3B8B82B08CF630076B8D3 /* Favorite */,
				ADC3B8BA2B08CF9E0076B8D3 /* MyViewController.swift */,
			);
			path = My;
			sourceTree = "<group>";
		};
		ADC3B8B82B08CF630076B8D3 /* Favorite */ = {
			isa = PBXGroup;
			children = (
				ADC3B8C82B08DA4C0076B8D3 /* FavoriteViewController.swift */,
				ADC3B8CA2B08DA740076B8D3 /* FavoriteViewModel.swift */,
			);
			path = Favorite;
			sourceTree = "<group>";
		};
		ADC3B8B92B08CF770076B8D3 /* Bookmark */ = {
			isa = PBXGroup;
			children = (
				ADC3B8BC2B08D2520076B8D3 /* BookmarkViewController.swift */,
				ADC3B8BE2B08D4450076B8D3 /* BookmarkViewModel.swift */,
				ADC3B8C02B08D4FB0076B8D3 /* BookmarkCell.swift */,
				ADC3B8C12B08D4FB0076B8D3 /* BookmarkCell.xib */,
			);
			path = Bookmark;
			sourceTree = "<group>";
		};
		ADCA85562B0A056C0093A410 /* Video */ = {
			isa = PBXGroup;
			children = (
				ADCA85572B0A059A0093A410 /* VideoViewController.swift */,
				ADCA85582B0A059A0093A410 /* VideoViewController.xib */,
				ADCA91532B0A4DA5007CB49F /* VideoViewModel.swift */,
				ADE6606F2B0E030C005083B5 /* PlayerView.swift */,
				AD238F082B0F8B7800F2C48B /* SeekbarView.swift */,
			);
			path = Video;
			sourceTree = "<group>";
		};
		ADCA855B2B0A26B00093A410 /* More */ = {
			isa = PBXGroup;
			children = (
				ADCA914D2B0A4896007CB49F /* MoreTableViewCell.swift */,
				ADCA914B2B0A4869007CB49F /* MoreTableViewCell.xib */,
				ADCA855C2B0A26CC0093A410 /* MoreViewController.swift */,
				ADCA855D2B0A26CC0093A410 /* MoreViewController.xib */,
				ADCA91492B0A472A007CB49F /* MoreViewModel.swift */,
			);
			path = More;
			sourceTree = "<group>";
		};
/* End PBXGroup section */

/* Begin PBXNativeTarget section */
		95E70C912AA8B93B007BAD7B /* KTV */ = {
			isa = PBXNativeTarget;
			buildConfigurationList = 95E70CBC2AA8B93D007BAD7B /* Build configuration list for PBXNativeTarget "KTV" */;
			buildPhases = (
				95E70C8E2AA8B93B007BAD7B /* Sources */,
				95E70C8F2AA8B93B007BAD7B /* Frameworks */,
				95E70C902AA8B93B007BAD7B /* Resources */,
			);
			buildRules = (
			);
			dependencies = (
			);
			name = KTV;
			productName = KTV;
			productReference = 95E70C922AA8B93B007BAD7B /* KTV.app */;
			productType = "com.apple.product-type.application";
		};
		95E70CA72AA8B93D007BAD7B /* KTVTests */ = {
			isa = PBXNativeTarget;
			buildConfigurationList = 95E70CBF2AA8B93D007BAD7B /* Build configuration list for PBXNativeTarget "KTVTests" */;
			buildPhases = (
				95E70CA42AA8B93D007BAD7B /* Sources */,
				95E70CA52AA8B93D007BAD7B /* Frameworks */,
				95E70CA62AA8B93D007BAD7B /* Resources */,
			);
			buildRules = (
			);
			dependencies = (
				95E70CAA2AA8B93D007BAD7B /* PBXTargetDependency */,
			);
			name = KTVTests;
			productName = KTVTests;
			productReference = 95E70CA82AA8B93D007BAD7B /* KTVTests.xctest */;
			productType = "com.apple.product-type.bundle.unit-test";
		};
		95E70CB12AA8B93D007BAD7B /* KTVUITests */ = {
			isa = PBXNativeTarget;
			buildConfigurationList = 95E70CC22AA8B93D007BAD7B /* Build configuration list for PBXNativeTarget "KTVUITests" */;
			buildPhases = (
				95E70CAE2AA8B93D007BAD7B /* Sources */,
				95E70CAF2AA8B93D007BAD7B /* Frameworks */,
				95E70CB02AA8B93D007BAD7B /* Resources */,
			);
			buildRules = (
			);
			dependencies = (
				95E70CB42AA8B93D007BAD7B /* PBXTargetDependency */,
			);
			name = KTVUITests;
			productName = KTVUITests;
			productReference = 95E70CB22AA8B93D007BAD7B /* KTVUITests.xctest */;
			productType = "com.apple.product-type.bundle.ui-testing";
		};
/* End PBXNativeTarget section */

/* Begin PBXProject section */
		95E70C8A2AA8B93B007BAD7B /* Project object */ = {
			isa = PBXProject;
			attributes = {
				BuildIndependentTargetsInParallel = 1;
				LastSwiftUpdateCheck = 1420;
				LastUpgradeCheck = 1500;
				TargetAttributes = {
					95E70C912AA8B93B007BAD7B = {
						CreatedOnToolsVersion = 14.2;
					};
					95E70CA72AA8B93D007BAD7B = {
						CreatedOnToolsVersion = 14.2;
						TestTargetID = 95E70C912AA8B93B007BAD7B;
					};
					95E70CB12AA8B93D007BAD7B = {
						CreatedOnToolsVersion = 14.2;
						TestTargetID = 95E70C912AA8B93B007BAD7B;
					};
				};
			};
			buildConfigurationList = 95E70C8D2AA8B93B007BAD7B /* Build configuration list for PBXProject "KTV" */;
			compatibilityVersion = "Xcode 14.0";
			developmentRegion = en;
			hasScannedForEncodings = 0;
			knownRegions = (
				en,
				Base,
			);
			mainGroup = 95E70C892AA8B93B007BAD7B;
			productRefGroup = 95E70C932AA8B93B007BAD7B /* Products */;
			projectDirPath = "";
			projectRoot = "";
			targets = (
				95E70C912AA8B93B007BAD7B /* KTV */,
				95E70CA72AA8B93D007BAD7B /* KTVTests */,
				95E70CB12AA8B93D007BAD7B /* KTVUITests */,
			);
		};
/* End PBXProject section */

/* Begin PBXResourcesBuildPhase section */
		95E70C902AA8B93B007BAD7B /* Resources */ = {
			isa = PBXResourcesBuildPhase;
			buildActionMask = 2147483647;
			files = (
				95E70CA22AA8B93D007BAD7B /* LaunchScreen.storyboard in Resources */,
				ADCA855F2B0A26CC0093A410 /* MoreViewController.xib in Resources */,
				AD20D4A22B07C34D000CADFB /* HomeRecentWatchContainerCell.xib in Resources */,
				AD20D4A42B07C34D000CADFB /* HomeRankingItemCell.xib in Resources */,
				AD20D4A02B07C34D000CADFB /* HomeRecommendContainerCell.xib in Resources */,
				ADCA914C2B0A4869007CB49F /* MoreTableViewCell.xib in Resources */,
				AD20D4AA2B07C34D000CADFB /* HomeRecentWatchItemCell.xib in Resources */,
				AD20D4A12B07C34D000CADFB /* HomeHeaderView.xib in Resources */,
				AD20D4AB2B07C34D000CADFB /* HomeVideoCell.xib in Resources */,
				AD20D4A62B07C34D000CADFB /* HomeRankingHeaderView.xib in Resources */,
				ADCA855A2B0A059A0093A410 /* VideoViewController.xib in Resources */,
				ADC3B8B22B08A09F0076B8D3 /* live.json in Resources */,
				ADC3B8B32B08A09F0076B8D3 /* video.json in Resources */,
				ADC3B8B52B08A09F0076B8D3 /* home.json in Resources */,
				ADC3B8C32B08D4FB0076B8D3 /* BookmarkCell.xib in Resources */,
				68CA313C2AAA292900A744AF /* Color.xcassets in Resources */,
				ADC3B8B62B08A09F0076B8D3 /* bookmark.json in Resources */,
				AD20D4A52B07C34D000CADFB /* HomeRankingContainerCell.xib in Resources */,
				AD20D4B12B07C34D000CADFB /* HomeFooterView.xib in Resources */,
				ADC3B8B42B08A09F0076B8D3 /* favorite.json in Resources */,
				AD20D4AC2B07C34D000CADFB /* VideoListItemCell.xib in Resources */,
				95E70C9F2AA8B93D007BAD7B /* Assets.xcassets in Resources */,
				95E70C9D2AA8B93B007BAD7B /* Main.storyboard in Resources */,
			);
			runOnlyForDeploymentPostprocessing = 0;
		};
		95E70CA62AA8B93D007BAD7B /* Resources */ = {
			isa = PBXResourcesBuildPhase;
			buildActionMask = 2147483647;
			files = (
			);
			runOnlyForDeploymentPostprocessing = 0;
		};
		95E70CB02AA8B93D007BAD7B /* Resources */ = {
			isa = PBXResourcesBuildPhase;
			buildActionMask = 2147483647;
			files = (
			);
			runOnlyForDeploymentPostprocessing = 0;
		};
/* End PBXResourcesBuildPhase section */

/* Begin PBXSourcesBuildPhase section */
		95E70C8E2AA8B93B007BAD7B /* Sources */ = {
			isa = PBXSourcesBuildPhase;
			buildActionMask = 2147483647;
			files = (
				AD20D4AD2B07C34D000CADFB /* VideoListItemCell.swift in Sources */,
				AD20D4A92B07C34D000CADFB /* HomeRankingHeaderView.swift in Sources */,
				ADCA91522B0A4D61007CB49F /* Video.swift in Sources */,
				AD20D47B2B076044000CADFB /* URLDefines.swift in Sources */,
				ADC3B8C72B08D7440076B8D3 /* Favorite.swift in Sources */,
				ADC3B8C92B08DA4C0076B8D3 /* FavoriteViewController.swift in Sources */,
				AD20D4AF2B07C34D000CADFB /* HomeRankingContainerCell.swift in Sources */,
				ADC3B8CB2B08DA740076B8D3 /* FavoriteViewModel.swift in Sources */,
				95E70C9A2AA8B93B007BAD7B /* LoginViewController.swift in Sources */,
				AD20D4A82B07C34D000CADFB /* HomeRankingItemCell.swift in Sources */,
				684920CE2AB1FD8C00E5202E /* TabBarController.swift in Sources */,
				AD20D47E2B0760A1000CADFB /* DataLoader.swift in Sources */,
				ADC3B8C22B08D4FB0076B8D3 /* BookmarkCell.swift in Sources */,
				95E70C962AA8B93B007BAD7B /* AppDelegate.swift in Sources */,
				AD238F0C2B0F946400F2C48B /* DateComponentsFormatterExtension.swift in Sources */,
				AD20D4A32B07C34D000CADFB /* HomeRecentWatchContainerCell.swift in Sources */,
				ADC3B8CD2B08DBBB0076B8D3 /* NavigationController.swift in Sources */,
				AD20D4822B077640000CADFB /* VideoListItem.swift in Sources */,
				ADCA914E2B0A4896007CB49F /* MoreTableViewCell.swift in Sources */,
				6885F4682AAA3B9F00226D1E /* HomeSection.swift in Sources */,
				ADCA85592B0A059A0093A410 /* VideoViewController.swift in Sources */,
				ADCA914A2B0A472A007CB49F /* MoreViewModel.swift in Sources */,
				AD20D46D2B073C51000CADFB /* Home.swift in Sources */,
				AD20D4AE2B07C34D000CADFB /* HomeHeaderView.swift in Sources */,
				AD20D4842B07AAE5000CADFB /* HomeRecommendViewModel.swift in Sources */,
				AD20D49F2B07C34D000CADFB /* HomeRecentWatchItemCell.swift in Sources */,
				AD20D4A72B07C34D000CADFB /* HomeFooterView.swift in Sources */,
				ADCA91542B0A4DA5007CB49F /* VideoViewModel.swift in Sources */,
				ADCA855E2B0A26CC0093A410 /* MoreViewController.swift in Sources */,
				AD238F092B0F8B7800F2C48B /* SeekbarView.swift in Sources */,
				AD20D4B02B07C34D000CADFB /* HomeRecommendContainerCell.swift in Sources */,
				ADC3B8C52B08D7310076B8D3 /* Bookmark.swift in Sources */,
				AD20D4802B0760B4000CADFB /* UIImageView+Task.swift in Sources */,
				95E70C982AA8B93B007BAD7B /* SceneDelegate.swift in Sources */,
				68CA31422AAA357800A744AF /* HomeViewModel.swift in Sources */,
				ADE660702B0E030C005083B5 /* PlayerView.swift in Sources */,
				AD20D49E2B07C34D000CADFB /* HomeVideoCell.swift in Sources */,
				ADC3B8BF2B08D4450076B8D3 /* BookmarkViewModel.swift in Sources */,
				ADC3B8BB2B08CF9E0076B8D3 /* MyViewController.swift in Sources */,
				68CA31402AAA357100A744AF /* HomeViewController.swift in Sources */,
				ADC3B8BD2B08D2520076B8D3 /* BookmarkViewController.swift in Sources */,
			);
			runOnlyForDeploymentPostprocessing = 0;
		};
		95E70CA42AA8B93D007BAD7B /* Sources */ = {
			isa = PBXSourcesBuildPhase;
			buildActionMask = 2147483647;
			files = (
				95E70CAD2AA8B93D007BAD7B /* KTVTests.swift in Sources */,
			);
			runOnlyForDeploymentPostprocessing = 0;
		};
		95E70CAE2AA8B93D007BAD7B /* Sources */ = {
			isa = PBXSourcesBuildPhase;
			buildActionMask = 2147483647;
			files = (
				95E70CB92AA8B93D007BAD7B /* KTVUITestsLaunchTests.swift in Sources */,
				95E70CB72AA8B93D007BAD7B /* KTVUITests.swift in Sources */,
			);
			runOnlyForDeploymentPostprocessing = 0;
		};
/* End PBXSourcesBuildPhase section */

/* Begin PBXTargetDependency section */
		95E70CAA2AA8B93D007BAD7B /* PBXTargetDependency */ = {
			isa = PBXTargetDependency;
			target = 95E70C912AA8B93B007BAD7B /* KTV */;
			targetProxy = 95E70CA92AA8B93D007BAD7B /* PBXContainerItemProxy */;
		};
		95E70CB42AA8B93D007BAD7B /* PBXTargetDependency */ = {
			isa = PBXTargetDependency;
			target = 95E70C912AA8B93B007BAD7B /* KTV */;
			targetProxy = 95E70CB32AA8B93D007BAD7B /* PBXContainerItemProxy */;
		};
/* End PBXTargetDependency section */

/* Begin PBXVariantGroup section */
		95E70C9B2AA8B93B007BAD7B /* Main.storyboard */ = {
			isa = PBXVariantGroup;
			children = (
				95E70C9C2AA8B93B007BAD7B /* Base */,
			);
			name = Main.storyboard;
			sourceTree = "<group>";
		};
		95E70CA02AA8B93D007BAD7B /* LaunchScreen.storyboard */ = {
			isa = PBXVariantGroup;
			children = (
				95E70CA12AA8B93D007BAD7B /* Base */,
			);
			name = LaunchScreen.storyboard;
			sourceTree = "<group>";
		};
/* End PBXVariantGroup section */

/* Begin XCBuildConfiguration section */
		95E70CBA2AA8B93D007BAD7B /* Debug */ = {
			isa = XCBuildConfiguration;
			buildSettings = {
				ALWAYS_SEARCH_USER_PATHS = NO;
				CLANG_ANALYZER_NONNULL = YES;
				CLANG_ANALYZER_NUMBER_OBJECT_CONVERSION = YES_AGGRESSIVE;
				CLANG_CXX_LANGUAGE_STANDARD = "gnu++20";
				CLANG_ENABLE_MODULES = YES;
				CLANG_ENABLE_OBJC_ARC = YES;
				CLANG_ENABLE_OBJC_WEAK = YES;
				CLANG_WARN_BLOCK_CAPTURE_AUTORELEASING = YES;
				CLANG_WARN_BOOL_CONVERSION = YES;
				CLANG_WARN_COMMA = YES;
				CLANG_WARN_CONSTANT_CONVERSION = YES;
				CLANG_WARN_DEPRECATED_OBJC_IMPLEMENTATIONS = YES;
				CLANG_WARN_DIRECT_OBJC_ISA_USAGE = YES_ERROR;
				CLANG_WARN_DOCUMENTATION_COMMENTS = YES;
				CLANG_WARN_EMPTY_BODY = YES;
				CLANG_WARN_ENUM_CONVERSION = YES;
				CLANG_WARN_INFINITE_RECURSION = YES;
				CLANG_WARN_INT_CONVERSION = YES;
				CLANG_WARN_NON_LITERAL_NULL_CONVERSION = YES;
				CLANG_WARN_OBJC_IMPLICIT_RETAIN_SELF = YES;
				CLANG_WARN_OBJC_LITERAL_CONVERSION = YES;
				CLANG_WARN_OBJC_ROOT_CLASS = YES_ERROR;
				CLANG_WARN_QUOTED_INCLUDE_IN_FRAMEWORK_HEADER = YES;
				CLANG_WARN_RANGE_LOOP_ANALYSIS = YES;
				CLANG_WARN_STRICT_PROTOTYPES = YES;
				CLANG_WARN_SUSPICIOUS_MOVE = YES;
				CLANG_WARN_UNGUARDED_AVAILABILITY = YES_AGGRESSIVE;
				CLANG_WARN_UNREACHABLE_CODE = YES;
				CLANG_WARN__DUPLICATE_METHOD_MATCH = YES;
				COPY_PHASE_STRIP = NO;
				DEBUG_INFORMATION_FORMAT = dwarf;
				ENABLE_STRICT_OBJC_MSGSEND = YES;
				ENABLE_TESTABILITY = YES;
				ENABLE_USER_SCRIPT_SANDBOXING = YES;
				GCC_C_LANGUAGE_STANDARD = gnu11;
				GCC_DYNAMIC_NO_PIC = NO;
				GCC_NO_COMMON_BLOCKS = YES;
				GCC_OPTIMIZATION_LEVEL = 0;
				GCC_PREPROCESSOR_DEFINITIONS = (
					"DEBUG=1",
					"$(inherited)",
				);
				GCC_WARN_64_TO_32_BIT_CONVERSION = YES;
				GCC_WARN_ABOUT_RETURN_TYPE = YES_ERROR;
				GCC_WARN_UNDECLARED_SELECTOR = YES;
				GCC_WARN_UNINITIALIZED_AUTOS = YES_AGGRESSIVE;
				GCC_WARN_UNUSED_FUNCTION = YES;
				GCC_WARN_UNUSED_VARIABLE = YES;
				IPHONEOS_DEPLOYMENT_TARGET = 16.2;
				MTL_ENABLE_DEBUG_INFO = INCLUDE_SOURCE;
				MTL_FAST_MATH = YES;
				ONLY_ACTIVE_ARCH = YES;
				SDKROOT = iphoneos;
				SWIFT_ACTIVE_COMPILATION_CONDITIONS = DEBUG;
				SWIFT_OPTIMIZATION_LEVEL = "-Onone";
			};
			name = Debug;
		};
		95E70CBB2AA8B93D007BAD7B /* Release */ = {
			isa = XCBuildConfiguration;
			buildSettings = {
				ALWAYS_SEARCH_USER_PATHS = NO;
				CLANG_ANALYZER_NONNULL = YES;
				CLANG_ANALYZER_NUMBER_OBJECT_CONVERSION = YES_AGGRESSIVE;
				CLANG_CXX_LANGUAGE_STANDARD = "gnu++20";
				CLANG_ENABLE_MODULES = YES;
				CLANG_ENABLE_OBJC_ARC = YES;
				CLANG_ENABLE_OBJC_WEAK = YES;
				CLANG_WARN_BLOCK_CAPTURE_AUTORELEASING = YES;
				CLANG_WARN_BOOL_CONVERSION = YES;
				CLANG_WARN_COMMA = YES;
				CLANG_WARN_CONSTANT_CONVERSION = YES;
				CLANG_WARN_DEPRECATED_OBJC_IMPLEMENTATIONS = YES;
				CLANG_WARN_DIRECT_OBJC_ISA_USAGE = YES_ERROR;
				CLANG_WARN_DOCUMENTATION_COMMENTS = YES;
				CLANG_WARN_EMPTY_BODY = YES;
				CLANG_WARN_ENUM_CONVERSION = YES;
				CLANG_WARN_INFINITE_RECURSION = YES;
				CLANG_WARN_INT_CONVERSION = YES;
				CLANG_WARN_NON_LITERAL_NULL_CONVERSION = YES;
				CLANG_WARN_OBJC_IMPLICIT_RETAIN_SELF = YES;
				CLANG_WARN_OBJC_LITERAL_CONVERSION = YES;
				CLANG_WARN_OBJC_ROOT_CLASS = YES_ERROR;
				CLANG_WARN_QUOTED_INCLUDE_IN_FRAMEWORK_HEADER = YES;
				CLANG_WARN_RANGE_LOOP_ANALYSIS = YES;
				CLANG_WARN_STRICT_PROTOTYPES = YES;
				CLANG_WARN_SUSPICIOUS_MOVE = YES;
				CLANG_WARN_UNGUARDED_AVAILABILITY = YES_AGGRESSIVE;
				CLANG_WARN_UNREACHABLE_CODE = YES;
				CLANG_WARN__DUPLICATE_METHOD_MATCH = YES;
				COPY_PHASE_STRIP = NO;
				DEBUG_INFORMATION_FORMAT = "dwarf-with-dsym";
				ENABLE_NS_ASSERTIONS = NO;
				ENABLE_STRICT_OBJC_MSGSEND = YES;
				ENABLE_USER_SCRIPT_SANDBOXING = YES;
				GCC_C_LANGUAGE_STANDARD = gnu11;
				GCC_NO_COMMON_BLOCKS = YES;
				GCC_WARN_64_TO_32_BIT_CONVERSION = YES;
				GCC_WARN_ABOUT_RETURN_TYPE = YES_ERROR;
				GCC_WARN_UNDECLARED_SELECTOR = YES;
				GCC_WARN_UNINITIALIZED_AUTOS = YES_AGGRESSIVE;
				GCC_WARN_UNUSED_FUNCTION = YES;
				GCC_WARN_UNUSED_VARIABLE = YES;
				IPHONEOS_DEPLOYMENT_TARGET = 16.2;
				MTL_ENABLE_DEBUG_INFO = NO;
				MTL_FAST_MATH = YES;
				SDKROOT = iphoneos;
				SWIFT_COMPILATION_MODE = wholemodule;
				SWIFT_OPTIMIZATION_LEVEL = "-O";
				VALIDATE_PRODUCT = YES;
			};
			name = Release;
		};
		95E70CBD2AA8B93D007BAD7B /* Debug */ = {
			isa = XCBuildConfiguration;
			buildSettings = {
				ASSETCATALOG_COMPILER_APPICON_NAME = AppIcon;
				ASSETCATALOG_COMPILER_GLOBAL_ACCENT_COLOR_NAME = AccentColor;
				CODE_SIGN_STYLE = Automatic;
				CURRENT_PROJECT_VERSION = 1;
				GENERATE_INFOPLIST_FILE = YES;
				INFOPLIST_FILE = KTV/Info.plist;
				INFOPLIST_KEY_UIApplicationSupportsIndirectInputEvents = YES;
				INFOPLIST_KEY_UILaunchStoryboardName = LaunchScreen;
				INFOPLIST_KEY_UIMainStoryboardFile = Main;
				INFOPLIST_KEY_UISupportedInterfaceOrientations_iPad = "UIInterfaceOrientationPortrait UIInterfaceOrientationPortraitUpsideDown UIInterfaceOrientationLandscapeLeft UIInterfaceOrientationLandscapeRight";
				INFOPLIST_KEY_UISupportedInterfaceOrientations_iPhone = "UIInterfaceOrientationPortrait UIInterfaceOrientationLandscapeLeft UIInterfaceOrientationLandscapeRight";
				IPHONEOS_DEPLOYMENT_TARGET = 15.0;
				LD_RUNPATH_SEARCH_PATHS = (
					"$(inherited)",
					"@executable_path/Frameworks",
				);
				MARKETING_VERSION = 1.0;
				PRODUCT_BUNDLE_IDENTIFIER = com.fastcampus.KTV;
				PRODUCT_NAME = "$(TARGET_NAME)";
				SWIFT_EMIT_LOC_STRINGS = YES;
				SWIFT_VERSION = 5.0;
				TARGETED_DEVICE_FAMILY = "1,2";
			};
			name = Debug;
		};
		95E70CBE2AA8B93D007BAD7B /* Release */ = {
			isa = XCBuildConfiguration;
			buildSettings = {
				ASSETCATALOG_COMPILER_APPICON_NAME = AppIcon;
				ASSETCATALOG_COMPILER_GLOBAL_ACCENT_COLOR_NAME = AccentColor;
				CODE_SIGN_STYLE = Automatic;
				CURRENT_PROJECT_VERSION = 1;
				GENERATE_INFOPLIST_FILE = YES;
				INFOPLIST_FILE = KTV/Info.plist;
				INFOPLIST_KEY_UIApplicationSupportsIndirectInputEvents = YES;
				INFOPLIST_KEY_UILaunchStoryboardName = LaunchScreen;
				INFOPLIST_KEY_UIMainStoryboardFile = Main;
				INFOPLIST_KEY_UISupportedInterfaceOrientations_iPad = "UIInterfaceOrientationPortrait UIInterfaceOrientationPortraitUpsideDown UIInterfaceOrientationLandscapeLeft UIInterfaceOrientationLandscapeRight";
				INFOPLIST_KEY_UISupportedInterfaceOrientations_iPhone = "UIInterfaceOrientationPortrait UIInterfaceOrientationLandscapeLeft UIInterfaceOrientationLandscapeRight";
				IPHONEOS_DEPLOYMENT_TARGET = 15.0;
				LD_RUNPATH_SEARCH_PATHS = (
					"$(inherited)",
					"@executable_path/Frameworks",
				);
				MARKETING_VERSION = 1.0;
				PRODUCT_BUNDLE_IDENTIFIER = com.fastcampus.KTV;
				PRODUCT_NAME = "$(TARGET_NAME)";
				SWIFT_EMIT_LOC_STRINGS = YES;
				SWIFT_VERSION = 5.0;
				TARGETED_DEVICE_FAMILY = "1,2";
			};
			name = Release;
		};
		95E70CC02AA8B93D007BAD7B /* Debug */ = {
			isa = XCBuildConfiguration;
			buildSettings = {
				ALWAYS_EMBED_SWIFT_STANDARD_LIBRARIES = YES;
				BUNDLE_LOADER = "$(TEST_HOST)";
				CODE_SIGN_STYLE = Automatic;
				CURRENT_PROJECT_VERSION = 1;
				GENERATE_INFOPLIST_FILE = YES;
				IPHONEOS_DEPLOYMENT_TARGET = 16.2;
				MARKETING_VERSION = 1.0;
				PRODUCT_BUNDLE_IDENTIFIER = com.fastcampus.KTVTests;
				PRODUCT_NAME = "$(TARGET_NAME)";
				SWIFT_EMIT_LOC_STRINGS = NO;
				SWIFT_VERSION = 5.0;
				TARGETED_DEVICE_FAMILY = "1,2";
				TEST_HOST = "$(BUILT_PRODUCTS_DIR)/KTV.app/$(BUNDLE_EXECUTABLE_FOLDER_PATH)/KTV";
			};
			name = Debug;
		};
		95E70CC12AA8B93D007BAD7B /* Release */ = {
			isa = XCBuildConfiguration;
			buildSettings = {
				ALWAYS_EMBED_SWIFT_STANDARD_LIBRARIES = YES;
				BUNDLE_LOADER = "$(TEST_HOST)";
				CODE_SIGN_STYLE = Automatic;
				CURRENT_PROJECT_VERSION = 1;
				GENERATE_INFOPLIST_FILE = YES;
				IPHONEOS_DEPLOYMENT_TARGET = 16.2;
				MARKETING_VERSION = 1.0;
				PRODUCT_BUNDLE_IDENTIFIER = com.fastcampus.KTVTests;
				PRODUCT_NAME = "$(TARGET_NAME)";
				SWIFT_EMIT_LOC_STRINGS = NO;
				SWIFT_VERSION = 5.0;
				TARGETED_DEVICE_FAMILY = "1,2";
				TEST_HOST = "$(BUILT_PRODUCTS_DIR)/KTV.app/$(BUNDLE_EXECUTABLE_FOLDER_PATH)/KTV";
			};
			name = Release;
		};
		95E70CC32AA8B93D007BAD7B /* Debug */ = {
			isa = XCBuildConfiguration;
			buildSettings = {
				ALWAYS_EMBED_SWIFT_STANDARD_LIBRARIES = YES;
				CODE_SIGN_STYLE = Automatic;
				CURRENT_PROJECT_VERSION = 1;
				GENERATE_INFOPLIST_FILE = YES;
				MARKETING_VERSION = 1.0;
				PRODUCT_BUNDLE_IDENTIFIER = com.fastcampus.KTVUITests;
				PRODUCT_NAME = "$(TARGET_NAME)";
				SWIFT_EMIT_LOC_STRINGS = NO;
				SWIFT_VERSION = 5.0;
				TARGETED_DEVICE_FAMILY = "1,2";
				TEST_TARGET_NAME = KTV;
			};
			name = Debug;
		};
		95E70CC42AA8B93D007BAD7B /* Release */ = {
			isa = XCBuildConfiguration;
			buildSettings = {
				ALWAYS_EMBED_SWIFT_STANDARD_LIBRARIES = YES;
				CODE_SIGN_STYLE = Automatic;
				CURRENT_PROJECT_VERSION = 1;
				GENERATE_INFOPLIST_FILE = YES;
				MARKETING_VERSION = 1.0;
				PRODUCT_BUNDLE_IDENTIFIER = com.fastcampus.KTVUITests;
				PRODUCT_NAME = "$(TARGET_NAME)";
				SWIFT_EMIT_LOC_STRINGS = NO;
				SWIFT_VERSION = 5.0;
				TARGETED_DEVICE_FAMILY = "1,2";
				TEST_TARGET_NAME = KTV;
			};
			name = Release;
		};
/* End XCBuildConfiguration section */

/* Begin XCConfigurationList section */
		95E70C8D2AA8B93B007BAD7B /* Build configuration list for PBXProject "KTV" */ = {
			isa = XCConfigurationList;
			buildConfigurations = (
				95E70CBA2AA8B93D007BAD7B /* Debug */,
				95E70CBB2AA8B93D007BAD7B /* Release */,
			);
			defaultConfigurationIsVisible = 0;
			defaultConfigurationName = Release;
		};
		95E70CBC2AA8B93D007BAD7B /* Build configuration list for PBXNativeTarget "KTV" */ = {
			isa = XCConfigurationList;
			buildConfigurations = (
				95E70CBD2AA8B93D007BAD7B /* Debug */,
				95E70CBE2AA8B93D007BAD7B /* Release */,
			);
			defaultConfigurationIsVisible = 0;
			defaultConfigurationName = Release;
		};
		95E70CBF2AA8B93D007BAD7B /* Build configuration list for PBXNativeTarget "KTVTests" */ = {
			isa = XCConfigurationList;
			buildConfigurations = (
				95E70CC02AA8B93D007BAD7B /* Debug */,
				95E70CC12AA8B93D007BAD7B /* Release */,
			);
			defaultConfigurationIsVisible = 0;
			defaultConfigurationName = Release;
		};
		95E70CC22AA8B93D007BAD7B /* Build configuration list for PBXNativeTarget "KTVUITests" */ = {
			isa = XCConfigurationList;
			buildConfigurations = (
				95E70CC32AA8B93D007BAD7B /* Debug */,
				95E70CC42AA8B93D007BAD7B /* Release */,
			);
			defaultConfigurationIsVisible = 0;
			defaultConfigurationName = Release;
		};
/* End XCConfigurationList section */
	};
	rootObject = 95E70C8A2AA8B93B007BAD7B /* Project object */;
}
